
Microsoft Visual Studio Solution File, Format Version 12.00
# Visual Studio Version 16
VisualStudioVersion = 16.0.31729.503
MinimumVisualStudioVersion = 10.0.40219.1
Project("{FAE04EC0-301F-11D3-BF4B-00C04F79EFBC}") = "Profile", "Profile.csproj", "{C1ECB899-DD7A-4D7C-9AF4-BB2EED18EB88}"
EndProject
Global
	GlobalSection(SolutionConfigurationPlatforms) = preSolution
		Debug|Any CPU = Debug|Any CPU
		Release|Any CPU = Release|Any CPU
	EndGlobalSection
	GlobalSection(ProjectConfigurationPlatforms) = postSolution
		{C1ECB899-DD7A-4D7C-9AF4-BB2EED18EB88}.Debug|Any CPU.ActiveCfg = Debug|Any CPU
		{C1ECB899-DD7A-4D7C-9AF4-BB2EED18EB88}.Debug|Any CPU.Build.0 = Debug|Any CPU
		{C1ECB899-DD7A-4D7C-9AF4-BB2EED18EB88}.Release|Any CPU.ActiveCfg = Release|Any CPU
		{C1ECB899-DD7A-4D7C-9AF4-BB2EED18EB88}.Release|Any CPU.Build.0 = Release|Any CPU
	EndGlobalSection
	GlobalSection(SolutionProperties) = preSolution
		HideSolutionNode = FALSE
	EndGlobalSection
	GlobalSection(ExtensibilityGlobals) = postSolution
		SolutionGuid = {4A10BC0B-C466-4987-AB50-DC96F6C5F5CF}
	EndGlobalSection
EndGlobal
